
Microsoft Visual Studio Solution File, Format Version 12.00
# Visual Studio 15
VisualStudioVersion = 15.0.26430.12
MinimumVisualStudioVersion = 10.0.40219.1
Project("{FAE04EC0-301F-11D3-BF4B-00C04F79EFBC}") = "TwitterFeedAPI", "TwitterFeedAPI\TwitterFeedAPI.csproj", "{6A001D09-91E1-4622-9959-AC8A27726EAC}"
EndProject
Project("{FAE04EC0-301F-11D3-BF4B-00C04F79EFBC}") = "TwitterFeedAPI.Tests", "TwitterFeedAPI.Tests\TwitterFeedAPI.Tests.csproj", "{378D1798-D0BA-43F4-868A-69D41B7270E1}"
EndProject
Global
	GlobalSection(SolutionConfigurationPlatforms) = preSolution
		Debug|Any CPU = Debug|Any CPU
		Release|Any CPU = Release|Any CPU
	EndGlobalSection
	GlobalSection(ProjectConfigurationPlatforms) = postSolution
		{6A001D09-91E1-4622-9959-AC8A27726EAC}.Debug|Any CPU.ActiveCfg = Debug|Any CPU
		{6A001D09-91E1-4622-9959-AC8A27726EAC}.Debug|Any CPU.Build.0 = Debug|Any CPU
		{6A001D09-91E1-4622-9959-AC8A27726EAC}.Release|Any CPU.ActiveCfg = Release|Any CPU
		{6A001D09-91E1-4622-9959-AC8A27726EAC}.Release|Any CPU.Build.0 = Release|Any CPU
		{378D1798-D0BA-43F4-868A-69D41B7270E1}.Debug|Any CPU.ActiveCfg = Debug|Any CPU
		{378D1798-D0BA-43F4-868A-69D41B7270E1}.Debug|Any CPU.Build.0 = Debug|Any CPU
		{378D1798-D0BA-43F4-868A-69D41B7270E1}.Release|Any CPU.ActiveCfg = Release|Any CPU
		{378D1798-D0BA-43F4-868A-69D41B7270E1}.Release|Any CPU.Build.0 = Release|Any CPU
	EndGlobalSection
	GlobalSection(SolutionProperties) = preSolution
		HideSolutionNode = FALSE
	EndGlobalSection
EndGlobal
